
Microsoft Visual Studio Solution File, Format Version 12.00
# Visual Studio 15
VisualStudioVersion = 15.0.26430.15
MinimumVisualStudioVersion = 10.0.40219.1
Project("{2150E333-8FDC-42A3-9474-1A3956D46DE8}") = "src", "src", "{237DB67A-8EB5-4F8F-ADC4-099B5BFEFC7C}"
EndProject
Project("{2150E333-8FDC-42A3-9474-1A3956D46DE8}") = "tests", "tests", "{BFC05856-D529-4B6B-BB49-2DAD57B09238}"
EndProject
Project("{9A19103F-16F7-4668-BE54-9A1E7A4F7556}") = "Monkey", "src\Monkey\Monkey.csproj", "{2AD01080-CA8A-4C00-A398-49058ECD9305}"
EndProject
Project("{FAE04EC0-301F-11D3-BF4B-00C04F79EFBC}") = "Monkey.Tests", "tests\Monkey.Tests\Monkey.Tests.csproj", "{0816968C-03E5-437B-A45C-873B5A61EF83}"
EndProject
Project("{2150E333-8FDC-42A3-9474-1A3956D46DE8}") = "Solution Items", "Solution Items", "{DEDC6E54-E764-46D5-914E-B85DE036BEF8}"
	ProjectSection(SolutionItems) = preProject
		LICENSE = LICENSE
		README.md = README.md
	EndProjectSection
EndProject
Global
	GlobalSection(SolutionConfigurationPlatforms) = preSolution
		Debug|Any CPU = Debug|Any CPU
		Release|Any CPU = Release|Any CPU
	EndGlobalSection
	GlobalSection(ProjectConfigurationPlatforms) = postSolution
		{2AD01080-CA8A-4C00-A398-49058ECD9305}.Debug|Any CPU.ActiveCfg = Debug|Any CPU
		{2AD01080-CA8A-4C00-A398-49058ECD9305}.Debug|Any CPU.Build.0 = Debug|Any CPU
		{2AD01080-CA8A-4C00-A398-49058ECD9305}.Release|Any CPU.ActiveCfg = Release|Any CPU
		{2AD01080-CA8A-4C00-A398-49058ECD9305}.Release|Any CPU.Build.0 = Release|Any CPU
		{0816968C-03E5-437B-A45C-873B5A61EF83}.Debug|Any CPU.ActiveCfg = Debug|Any CPU
		{0816968C-03E5-437B-A45C-873B5A61EF83}.Debug|Any CPU.Build.0 = Debug|Any CPU
		{0816968C-03E5-437B-A45C-873B5A61EF83}.Release|Any CPU.ActiveCfg = Release|Any CPU
		{0816968C-03E5-437B-A45C-873B5A61EF83}.Release|Any CPU.Build.0 = Release|Any CPU
	EndGlobalSection
	GlobalSection(SolutionProperties) = preSolution
		HideSolutionNode = FALSE
	EndGlobalSection
	GlobalSection(NestedProjects) = preSolution
		{2AD01080-CA8A-4C00-A398-49058ECD9305} = {237DB67A-8EB5-4F8F-ADC4-099B5BFEFC7C}
		{0816968C-03E5-437B-A45C-873B5A61EF83} = {BFC05856-D529-4B6B-BB49-2DAD57B09238}
	EndGlobalSection
EndGlobal
